
Microsoft Visual Studio Solution File, Format Version 12.00
# Visual Studio Version 17
VisualStudioVersion = 17.0.31717.71
MinimumVisualStudioVersion = 10.0.40219.1
Project("{9A19103F-16F7-4668-BE54-9A1E7A4F7556}") = "ZodiacBuddy", "ZodiacBuddy\ZodiacBuddy.csproj", "{1058E384-DE81-4830-8EE6-209E4E1E3CB9}"
EndProject
Project("{2150E333-8FDC-42A3-9474-1A3956D46DE8}") = "Solution Items", "Solution Items", "{9A35E954-E3A7-4CD7-AFA2-09B84F0BFFB7}"
	ProjectSection(SolutionItems) = preProject
		.editorconfig = .editorconfig
		.gitignore = .gitignore
		lib\FFXIVClientStructs\ida\data.yml = lib\FFXIVClientStructs\ida\data.yml
	EndProjectSection
EndProject
Project("{9A19103F-16F7-4668-BE54-9A1E7A4F7556}") = "FFXIVClientStructs", "lib\FFXIVClientStructs\FFXIVClientStructs\FFXIVClientStructs.csproj", "{4F775691-7B2F-4D03-868C-C8C6C377E763}"
EndProject
Project("{9A19103F-16F7-4668-BE54-9A1E7A4F7556}") = "FFXIVClientStructs.Generators", "lib\FFXIVClientStructs\FFXIVClientStructs.Generators\FFXIVClientStructs.Generators.csproj", "{1E78B343-76FD-48BD-A2AF-542C9288BEE6}"
EndProject
Project("{2150E333-8FDC-42A3-9474-1A3956D46DE8}") = "Github Actions", "Github Actions", "{CF562AC1-32CB-4F80-B105-3190A4E6C9CF}"
	ProjectSection(SolutionItems) = preProject
		.github\workflows\build.yml = .github\workflows\build.yml
	EndProjectSection
EndProject
Global
	GlobalSection(SolutionConfigurationPlatforms) = preSolution
		Debug|x64 = Debug|x64
		Release|x64 = Release|x64
	EndGlobalSection
	GlobalSection(ProjectConfigurationPlatforms) = postSolution
		{1058E384-DE81-4830-8EE6-209E4E1E3CB9}.Debug|x64.ActiveCfg = Debug|x64
		{1058E384-DE81-4830-8EE6-209E4E1E3CB9}.Debug|x64.Build.0 = Debug|x64
		{1058E384-DE81-4830-8EE6-209E4E1E3CB9}.Release|x64.ActiveCfg = Release|x64
		{1058E384-DE81-4830-8EE6-209E4E1E3CB9}.Release|x64.Build.0 = Release|x64
		{4F775691-7B2F-4D03-868C-C8C6C377E763}.Debug|x64.ActiveCfg = Debug|Any CPU
		{4F775691-7B2F-4D03-868C-C8C6C377E763}.Debug|x64.Build.0 = Debug|Any CPU
		{4F775691-7B2F-4D03-868C-C8C6C377E763}.Release|x64.ActiveCfg = Release|Any CPU
		{4F775691-7B2F-4D03-868C-C8C6C377E763}.Release|x64.Build.0 = Release|Any CPU
		{1E78B343-76FD-48BD-A2AF-542C9288BEE6}.Debug|x64.ActiveCfg = Debug|Any CPU
		{1E78B343-76FD-48BD-A2AF-542C9288BEE6}.Debug|x64.Build.0 = Debug|Any CPU
		{1E78B343-76FD-48BD-A2AF-542C9288BEE6}.Release|x64.ActiveCfg = Release|Any CPU
		{1E78B343-76FD-48BD-A2AF-542C9288BEE6}.Release|x64.Build.0 = Release|Any CPU
	EndGlobalSection
	GlobalSection(SolutionProperties) = preSolution
		HideSolutionNode = FALSE
	EndGlobalSection
	GlobalSection(ExtensibilityGlobals) = postSolution
		SolutionGuid = {C2F01C63-DCD4-4062-9CFF-0EC523695303}
	EndGlobalSection
EndGlobal
