{
  "version": 1,
  "dependencies": {
    "net6.0-windows7.0": {
      "DalamudPackager": {
        "type": "Direct",
        "requested": "[2.1.6, )",
        "resolved": "2.1.6",
        "contentHash": "JGgpGP2FMM5Vt4utyDD+xV2+XXfo3Rb3VgJ4FnvzkWlvn4JG/bBILo6mDubWCPjDGqT0n6dF1JRG0r5ygLv/ng=="
      },
      "LitJWT": {
        "type": "Direct",
        "requested": "[2.0.1, )",
        "resolved": "2.0.1",
        "contentHash": "hw39tPgnaxjWYT2MhDqxnnqUtsG68s8f9QN7F4FBwhutuX5GyP4FlC6XcSLq0fhR/Q7uGOSCQsq1ynVH8sR3kA=="
      },
      "StyleCop.Analyzers": {
        "type": "Direct",
        "requested": "[1.2.0-beta.333, )",
        "resolved": "1.2.0-beta.333",
        "contentHash": "o2r6o6TVTb6VdTtWEYT88/SgixcujjZ3gXMktvI/aNkA3y0CxUSVZEL23OjFe4/sDiTvldkdhKEyAQP9Z8r5wA==",
        "dependencies": {
          "StyleCop.Analyzers.Unstable": "1.2.0.333"
        }
      },
      "StyleCop.Analyzers.Unstable": {
        "type": "Transitive",
        "resolved": "1.2.0.333",
        "contentHash": "7mwxcwa3xZnyU71OTqSgntCDpsZ5gkc4saXhuJeyg5Xc+3xiQxzyhy26uG8rVF8Z7GKpXCsHCL3rd5ZomA+a/A=="
      }
    }
  }
}